
Microsoft Visual Studio Solution File, Format Version 12.00
# Visual Studio Version 17
VisualStudioVersion = 17.3.32929.385
MinimumVisualStudioVersion = 10.0.40219.1
Project("{FAE04EC0-301F-11D3-BF4B-00C04F79EFBC}") = "Abstraction", "Abstraction\Abstraction.csproj", "{F6D04C37-28DF-4517-9A23-E5244E7E7869}"
EndProject
Global
	GlobalSection(SolutionConfigurationPlatforms) = preSolution
		Debug|Any CPU = Debug|Any CPU
		Release|Any CPU = Release|Any CPU
	EndGlobalSection
	GlobalSection(ProjectConfigurationPlatforms) = postSolution
		{F6D04C37-28DF-4517-9A23-E5244E7E7869}.Debug|Any CPU.ActiveCfg = Debug|Any CPU
		{F6D04C37-28DF-4517-9A23-E5244E7E7869}.Debug|Any CPU.Build.0 = Debug|Any CPU
		{F6D04C37-28DF-4517-9A23-E5244E7E7869}.Release|Any CPU.ActiveCfg = Release|Any CPU
		{F6D04C37-28DF-4517-9A23-E5244E7E7869}.Release|Any CPU.Build.0 = Release|Any CPU
	EndGlobalSection
	GlobalSection(SolutionProperties) = preSolution
		HideSolutionNode = FALSE
	EndGlobalSection
	GlobalSection(ExtensibilityGlobals) = postSolution
		SolutionGuid = {B45CE0FF-85C1-4644-964A-37A96EB486E6}
	EndGlobalSection
EndGlobal
